
Microsoft Visual Studio Solution File, Format Version 12.00
# Visual Studio 15
VisualStudioVersion = 15.0.28307.271
MinimumVisualStudioVersion = 10.0.40219.1
Project("{9A19103F-16F7-4668-BE54-9A1E7A4F7556}") = "Repository", "Repository\Repository.csproj", "{073A9A1E-B81C-4AE4-8DB1-4562890FA89C}"
EndProject
Project("{2150E333-8FDC-42A3-9474-1A3956D46DE8}") = "APIs", "APIs", "{E08B467C-2420-4EF4-8F9F-5F6B3FF2F739}"
EndProject
Project("{9A19103F-16F7-4668-BE54-9A1E7A4F7556}") = "NUnitTestProject1", "NUnitTestProject1\NUnitTestProject1.csproj", "{D52C4CA0-64E5-49E5-ADF0-1FC18A2FD488}"
EndProject
Project("{2150E333-8FDC-42A3-9474-1A3956D46DE8}") = "Test", "Test", "{179F0693-7E98-4304-AF00-DCAA2B49E576}"
EndProject
Project("{2150E333-8FDC-42A3-9474-1A3956D46DE8}") = "Utility", "Utility", "{79ABACB5-9E83-4258-8F13-0DDFDE22AE1A}"
EndProject
Project("{9A19103F-16F7-4668-BE54-9A1E7A4F7556}") = "Utility", "Utility\Utility.csproj", "{FFF07F88-B02B-411A-8826-FF4FC0D18B3A}"
EndProject
Project("{9A19103F-16F7-4668-BE54-9A1E7A4F7556}") = "Common", "Common\Common.csproj", "{FBD7656C-55A9-4F61-BD59-92F3158D7FBA}"
EndProject
Project("{9A19103F-16F7-4668-BE54-9A1E7A4F7556}") = "TianLeCommon", "TianLeCommon\TianLeCommon.csproj", "{35F3C5CE-34E9-4D2C-880C-AB3698F4C292}"
EndProject
Project("{9A19103F-16F7-4668-BE54-9A1E7A4F7556}") = "RedisRepository", "RedisRepository\RedisRepository.csproj", "{018C2AC5-0EDA-4989-BF21-F129B3ACEF19}"
EndProject
Project("{2150E333-8FDC-42A3-9474-1A3956D46DE8}") = "DAL", "DAL", "{7045DA67-2138-4DA3-969C-43B88D720684}"
EndProject
Project("{9A19103F-16F7-4668-BE54-9A1E7A4F7556}") = "DI", "DI\DI.csproj", "{26ABD48F-0C8E-432E-8909-0D17D546B09F}"
EndProject
Project("{FAE04EC0-301F-11D3-BF4B-00C04F79EFBC}") = "Refuseclassification", "Refuseclassification\Refuseclassification.csproj", "{58E5C586-6B66-40ED-9D69-02D9CC0B271D}"
EndProject
Global
	GlobalSection(SolutionConfigurationPlatforms) = preSolution
		Debug|Any CPU = Debug|Any CPU
		Release|Any CPU = Release|Any CPU
	EndGlobalSection
	GlobalSection(ProjectConfigurationPlatforms) = postSolution
		{073A9A1E-B81C-4AE4-8DB1-4562890FA89C}.Debug|Any CPU.ActiveCfg = Debug|Any CPU
		{073A9A1E-B81C-4AE4-8DB1-4562890FA89C}.Debug|Any CPU.Build.0 = Debug|Any CPU
		{073A9A1E-B81C-4AE4-8DB1-4562890FA89C}.Release|Any CPU.ActiveCfg = Release|Any CPU
		{073A9A1E-B81C-4AE4-8DB1-4562890FA89C}.Release|Any CPU.Build.0 = Release|Any CPU
		{D52C4CA0-64E5-49E5-ADF0-1FC18A2FD488}.Debug|Any CPU.ActiveCfg = Debug|Any CPU
		{D52C4CA0-64E5-49E5-ADF0-1FC18A2FD488}.Debug|Any CPU.Build.0 = Debug|Any CPU
		{D52C4CA0-64E5-49E5-ADF0-1FC18A2FD488}.Release|Any CPU.ActiveCfg = Release|Any CPU
		{D52C4CA0-64E5-49E5-ADF0-1FC18A2FD488}.Release|Any CPU.Build.0 = Release|Any CPU
		{FFF07F88-B02B-411A-8826-FF4FC0D18B3A}.Debug|Any CPU.ActiveCfg = Debug|Any CPU
		{FFF07F88-B02B-411A-8826-FF4FC0D18B3A}.Debug|Any CPU.Build.0 = Debug|Any CPU
		{FFF07F88-B02B-411A-8826-FF4FC0D18B3A}.Release|Any CPU.ActiveCfg = Release|Any CPU
		{FFF07F88-B02B-411A-8826-FF4FC0D18B3A}.Release|Any CPU.Build.0 = Release|Any CPU
		{FBD7656C-55A9-4F61-BD59-92F3158D7FBA}.Debug|Any CPU.ActiveCfg = Debug|Any CPU
		{FBD7656C-55A9-4F61-BD59-92F3158D7FBA}.Debug|Any CPU.Build.0 = Debug|Any CPU
		{FBD7656C-55A9-4F61-BD59-92F3158D7FBA}.Release|Any CPU.ActiveCfg = Release|Any CPU
		{FBD7656C-55A9-4F61-BD59-92F3158D7FBA}.Release|Any CPU.Build.0 = Release|Any CPU
		{35F3C5CE-34E9-4D2C-880C-AB3698F4C292}.Debug|Any CPU.ActiveCfg = Debug|Any CPU
		{35F3C5CE-34E9-4D2C-880C-AB3698F4C292}.Debug|Any CPU.Build.0 = Debug|Any CPU
		{35F3C5CE-34E9-4D2C-880C-AB3698F4C292}.Release|Any CPU.ActiveCfg = Release|Any CPU
		{35F3C5CE-34E9-4D2C-880C-AB3698F4C292}.Release|Any CPU.Build.0 = Release|Any CPU
		{018C2AC5-0EDA-4989-BF21-F129B3ACEF19}.Debug|Any CPU.ActiveCfg = Debug|Any CPU
		{018C2AC5-0EDA-4989-BF21-F129B3ACEF19}.Debug|Any CPU.Build.0 = Debug|Any CPU
		{018C2AC5-0EDA-4989-BF21-F129B3ACEF19}.Release|Any CPU.ActiveCfg = Release|Any CPU
		{018C2AC5-0EDA-4989-BF21-F129B3ACEF19}.Release|Any CPU.Build.0 = Release|Any CPU
		{26ABD48F-0C8E-432E-8909-0D17D546B09F}.Debug|Any CPU.ActiveCfg = Debug|Any CPU
		{26ABD48F-0C8E-432E-8909-0D17D546B09F}.Debug|Any CPU.Build.0 = Debug|Any CPU
		{26ABD48F-0C8E-432E-8909-0D17D546B09F}.Release|Any CPU.ActiveCfg = Release|Any CPU
		{26ABD48F-0C8E-432E-8909-0D17D546B09F}.Release|Any CPU.Build.0 = Release|Any CPU
		{58E5C586-6B66-40ED-9D69-02D9CC0B271D}.Debug|Any CPU.ActiveCfg = Debug|Any CPU
		{58E5C586-6B66-40ED-9D69-02D9CC0B271D}.Debug|Any CPU.Build.0 = Debug|Any CPU
		{58E5C586-6B66-40ED-9D69-02D9CC0B271D}.Release|Any CPU.ActiveCfg = Release|Any CPU
		{58E5C586-6B66-40ED-9D69-02D9CC0B271D}.Release|Any CPU.Build.0 = Release|Any CPU
	EndGlobalSection
	GlobalSection(SolutionProperties) = preSolution
		HideSolutionNode = FALSE
	EndGlobalSection
	GlobalSection(NestedProjects) = preSolution
		{073A9A1E-B81C-4AE4-8DB1-4562890FA89C} = {7045DA67-2138-4DA3-969C-43B88D720684}
		{D52C4CA0-64E5-49E5-ADF0-1FC18A2FD488} = {179F0693-7E98-4304-AF00-DCAA2B49E576}
		{FFF07F88-B02B-411A-8826-FF4FC0D18B3A} = {79ABACB5-9E83-4258-8F13-0DDFDE22AE1A}
		{FBD7656C-55A9-4F61-BD59-92F3158D7FBA} = {79ABACB5-9E83-4258-8F13-0DDFDE22AE1A}
		{35F3C5CE-34E9-4D2C-880C-AB3698F4C292} = {E08B467C-2420-4EF4-8F9F-5F6B3FF2F739}
		{018C2AC5-0EDA-4989-BF21-F129B3ACEF19} = {7045DA67-2138-4DA3-969C-43B88D720684}
		{26ABD48F-0C8E-432E-8909-0D17D546B09F} = {7045DA67-2138-4DA3-969C-43B88D720684}
		{58E5C586-6B66-40ED-9D69-02D9CC0B271D} = {E08B467C-2420-4EF4-8F9F-5F6B3FF2F739}
	EndGlobalSection
	GlobalSection(ExtensibilityGlobals) = postSolution
		SolutionGuid = {1588DB7C-1FEC-46EF-B3FB-C06D4956A187}
	EndGlobalSection
EndGlobal
